#
# This file is autogenerated by pip-compile with Python 3.12
# by the following command:
#
#    pip-compile --extra=build --extra=test --output-file=requirements.lock --strip-extras pyproject.toml
#
altgraph==0.17.5
    # via pyinstaller
iniconfig==2.3.0
    # via pytest
markdown-it-py==4.2.0
    # via rich
mdurl==0.1.2
    # via markdown-it-py
packaging==26.3
    # via
    #   pyinstaller
    #   pyinstaller-hooks-contrib
    #   pytest
pluggy==1.6.0
    # via pytest
pygments==2.21.0
    # via
    #   pytest
    #   rich
pyinstaller==6.22.2
    # via kdr-installer (pyproject.toml)
pyinstaller-hooks-contrib==2026.6
    # via pyinstaller
pytest==8.4.2
    # via kdr-installer (pyproject.toml)
rich==14.3.4
    # via kdr-installer (pyproject.toml)

# The following packages are considered to be unsafe in a requirements file:
# setuptools
